
Microsoft Visual Studio Solution File, Format Version 12.00
# Visual Studio Version 16
VisualStudioVersion = 16.0.31515.178
MinimumVisualStudioVersion = 10.0.40219.1
Project("{FAE04EC0-301F-11D3-BF4B-00C04F79EFBC}") = "LearningProject", "LearningProject\LearningProject.csproj", "{C9D3CC4A-578E-48B5-BABC-BBCC15F212D7}"
EndProject
Global
	GlobalSection(SolutionConfigurationPlatforms) = preSolution
		Debug|Any CPU = Debug|Any CPU
		Release|Any CPU = Release|Any CPU
	EndGlobalSection
	GlobalSection(ProjectConfigurationPlatforms) = postSolution
		{C9D3CC4A-578E-48B5-BABC-BBCC15F212D7}.Debug|Any CPU.ActiveCfg = Debug|Any CPU
		{C9D3CC4A-578E-48B5-BABC-BBCC15F212D7}.Debug|Any CPU.Build.0 = Debug|Any CPU
		{C9D3CC4A-578E-48B5-BABC-BBCC15F212D7}.Release|Any CPU.ActiveCfg = Release|Any CPU
		{C9D3CC4A-578E-48B5-BABC-BBCC15F212D7}.Release|Any CPU.Build.0 = Release|Any CPU
	EndGlobalSection
	GlobalSection(SolutionProperties) = preSolution
		HideSolutionNode = FALSE
	EndGlobalSection
	GlobalSection(ExtensibilityGlobals) = postSolution
		SolutionGuid = {92E7572E-3DC0-453E-AB41-A06CFC2EC63E}
	EndGlobalSection
EndGlobal
